
Microsoft Visual Studio Solution File, Format Version 12.00
# Visual Studio Version 16
VisualStudioVersion = 16.0.29123.88
MinimumVisualStudioVersion = 10.0.40219.1
Project("{FAE04EC0-301F-11D3-BF4B-00C04F79EFBC}") = "ControleAmbiente", "ControleAmbiente\ControleAmbiente.csproj", "{46D104D3-BB53-41B6-9225-1ABD83A60701}"
EndProject
Global
	GlobalSection(SolutionConfigurationPlatforms) = preSolution
		Debug|Any CPU = Debug|Any CPU
		Release|Any CPU = Release|Any CPU
	EndGlobalSection
	GlobalSection(ProjectConfigurationPlatforms) = postSolution
		{46D104D3-BB53-41B6-9225-1ABD83A60701}.Debug|Any CPU.ActiveCfg = Debug|Any CPU
		{46D104D3-BB53-41B6-9225-1ABD83A60701}.Debug|Any CPU.Build.0 = Debug|Any CPU
		{46D104D3-BB53-41B6-9225-1ABD83A60701}.Release|Any CPU.ActiveCfg = Release|Any CPU
		{46D104D3-BB53-41B6-9225-1ABD83A60701}.Release|Any CPU.Build.0 = Release|Any CPU
	EndGlobalSection
	GlobalSection(SolutionProperties) = preSolution
		HideSolutionNode = FALSE
	EndGlobalSection
	GlobalSection(ExtensibilityGlobals) = postSolution
		SolutionGuid = {C63D7FC4-98E7-4445-B4DC-97D50D328412}
	EndGlobalSection
EndGlobal
